
Microsoft Visual Studio Solution File, Format Version 12.00
# Visual Studio Version 17
VisualStudioVersion = 17.10.35013.160
MinimumVisualStudioVersion = 10.0.40219.1
Project("{2150E333-8FDC-42A3-9474-1A3956D46DE8}") = "1.PrincipiosSOLID", "1.PrincipiosSOLID", "{3E7F0145-FC09-4071-9E50-59DA272FF1F7}"
EndProject
Project("{2150E333-8FDC-42A3-9474-1A3956D46DE8}") = "2.PrincipiosComplementarios", "2.PrincipiosComplementarios", "{CFED8B6E-BFC8-4BC5-9EA8-B490B7C82FB7}"
EndProject
Global
	GlobalSection(SolutionProperties) = preSolution
		HideSolutionNode = FALSE
	EndGlobalSection
	GlobalSection(ExtensibilityGlobals) = postSolution
		SolutionGuid = {7A7A0CA8-CED2-4C68-983C-2E90BF4962C5}
	EndGlobalSection
EndGlobal
